
Microsoft Visual Studio Solution File, Format Version 12.00
# Visual Studio 15
Project("{FAE04EC0-301F-11D3-BF4B-00C04F79EFBC}") = "PrismDemo.Android", "PrismDemo.Android\PrismDemo.Android.csproj", "{E7A4DB54-652F-4E13-B0CA-F51B07ED9A36}"
EndProject
Project("{FAE04EC0-301F-11D3-BF4B-00C04F79EFBC}") = "PrismDemo.iOS", "PrismDemo.iOS\PrismDemo.iOS.csproj", "{2F5AA064-31EB-4244-9996-06152249CB79}"
EndProject
Project("{FAE04EC0-301F-11D3-BF4B-00C04F79EFBC}") = "PrismDemo", "PrismDemo\PrismDemo.csproj", "{FC0B6E3F-2268-4B05-BD4A-22B20B9AAE44}"
EndProject
Global
	GlobalSection(SolutionConfigurationPlatforms) = preSolution
		Debug|Any CPU = Debug|Any CPU
		Release|Any CPU = Release|Any CPU
		Debug|iPhoneSimulator = Debug|iPhoneSimulator
		Release|iPhoneSimulator = Release|iPhoneSimulator
		Debug|iPhone = Debug|iPhone
		Release|iPhone = Release|iPhone
	EndGlobalSection
	GlobalSection(ProjectConfigurationPlatforms) = postSolution
		{E7A4DB54-652F-4E13-B0CA-F51B07ED9A36}.Debug|Any CPU.ActiveCfg = Debug|Any CPU
		{E7A4DB54-652F-4E13-B0CA-F51B07ED9A36}.Debug|Any CPU.Build.0 = Debug|Any CPU
		{E7A4DB54-652F-4E13-B0CA-F51B07ED9A36}.Release|Any CPU.ActiveCfg = Release|Any CPU
		{E7A4DB54-652F-4E13-B0CA-F51B07ED9A36}.Release|Any CPU.Build.0 = Release|Any CPU
		{E7A4DB54-652F-4E13-B0CA-F51B07ED9A36}.Debug|iPhoneSimulator.ActiveCfg = Debug|Any CPU
		{E7A4DB54-652F-4E13-B0CA-F51B07ED9A36}.Debug|iPhoneSimulator.Build.0 = Debug|Any CPU
		{E7A4DB54-652F-4E13-B0CA-F51B07ED9A36}.Release|iPhoneSimulator.ActiveCfg = Release|Any CPU
		{E7A4DB54-652F-4E13-B0CA-F51B07ED9A36}.Release|iPhoneSimulator.Build.0 = Release|Any CPU
		{E7A4DB54-652F-4E13-B0CA-F51B07ED9A36}.Debug|iPhone.ActiveCfg = Debug|Any CPU
		{E7A4DB54-652F-4E13-B0CA-F51B07ED9A36}.Debug|iPhone.Build.0 = Debug|Any CPU
		{E7A4DB54-652F-4E13-B0CA-F51B07ED9A36}.Release|iPhone.ActiveCfg = Release|Any CPU
		{E7A4DB54-652F-4E13-B0CA-F51B07ED9A36}.Release|iPhone.Build.0 = Release|Any CPU
		{2F5AA064-31EB-4244-9996-06152249CB79}.Debug|Any CPU.ActiveCfg = Debug|iPhoneSimulator
		{2F5AA064-31EB-4244-9996-06152249CB79}.Debug|Any CPU.Build.0 = Debug|iPhoneSimulator
		{2F5AA064-31EB-4244-9996-06152249CB79}.Release|Any CPU.ActiveCfg = Release|iPhoneSimulator
		{2F5AA064-31EB-4244-9996-06152249CB79}.Release|Any CPU.Build.0 = Release|iPhoneSimulator
		{2F5AA064-31EB-4244-9996-06152249CB79}.Debug|iPhoneSimulator.ActiveCfg = Debug|iPhoneSimulator
		{2F5AA064-31EB-4244-9996-06152249CB79}.Debug|iPhoneSimulator.Build.0 = Debug|iPhoneSimulator
		{2F5AA064-31EB-4244-9996-06152249CB79}.Release|iPhoneSimulator.ActiveCfg = Release|iPhoneSimulator
		{2F5AA064-31EB-4244-9996-06152249CB79}.Release|iPhoneSimulator.Build.0 = Release|iPhoneSimulator
		{2F5AA064-31EB-4244-9996-06152249CB79}.Debug|iPhone.ActiveCfg = Debug|iPhone
		{2F5AA064-31EB-4244-9996-06152249CB79}.Debug|iPhone.Build.0 = Debug|iPhone
		{2F5AA064-31EB-4244-9996-06152249CB79}.Release|iPhone.ActiveCfg = Release|iPhone
		{2F5AA064-31EB-4244-9996-06152249CB79}.Release|iPhone.Build.0 = Release|iPhone
		{FC0B6E3F-2268-4B05-BD4A-22B20B9AAE44}.Debug|Any CPU.ActiveCfg = Debug|Any CPU
		{FC0B6E3F-2268-4B05-BD4A-22B20B9AAE44}.Debug|Any CPU.Build.0 = Debug|Any CPU
		{FC0B6E3F-2268-4B05-BD4A-22B20B9AAE44}.Release|Any CPU.ActiveCfg = Release|Any CPU
		{FC0B6E3F-2268-4B05-BD4A-22B20B9AAE44}.Release|Any CPU.Build.0 = Release|Any CPU
		{FC0B6E3F-2268-4B05-BD4A-22B20B9AAE44}.Debug|iPhoneSimulator.ActiveCfg = Debug|Any CPU
		{FC0B6E3F-2268-4B05-BD4A-22B20B9AAE44}.Debug|iPhoneSimulator.Build.0 = Debug|Any CPU
		{FC0B6E3F-2268-4B05-BD4A-22B20B9AAE44}.Release|iPhoneSimulator.ActiveCfg = Release|Any CPU
		{FC0B6E3F-2268-4B05-BD4A-22B20B9AAE44}.Release|iPhoneSimulator.Build.0 = Release|Any CPU
		{FC0B6E3F-2268-4B05-BD4A-22B20B9AAE44}.Debug|iPhone.ActiveCfg = Debug|Any CPU
		{FC0B6E3F-2268-4B05-BD4A-22B20B9AAE44}.Debug|iPhone.Build.0 = Debug|Any CPU
		{FC0B6E3F-2268-4B05-BD4A-22B20B9AAE44}.Release|iPhone.ActiveCfg = Release|Any CPU
		{FC0B6E3F-2268-4B05-BD4A-22B20B9AAE44}.Release|iPhone.Build.0 = Release|Any CPU
	EndGlobalSection
EndGlobal
